
Microsoft Visual Studio Solution File, Format Version 12.00
# Visual Studio Version 16
VisualStudioVersion = 16.0.30907.101
MinimumVisualStudioVersion = 10.0.40219.1
Project("{FAE04EC0-301F-11D3-BF4B-00C04F79EFBC}") = "TrashCollector", "TrashCollector.csproj", "{3F75CDD0-613D-475B-91B9-89065BAB13F3}"
EndProject
Global
	GlobalSection(SolutionConfigurationPlatforms) = preSolution
		Debug|Any CPU = Debug|Any CPU
		Release|Any CPU = Release|Any CPU
	EndGlobalSection
	GlobalSection(ProjectConfigurationPlatforms) = postSolution
		{3F75CDD0-613D-475B-91B9-89065BAB13F3}.Debug|Any CPU.ActiveCfg = Debug|Any CPU
		{3F75CDD0-613D-475B-91B9-89065BAB13F3}.Debug|Any CPU.Build.0 = Debug|Any CPU
		{3F75CDD0-613D-475B-91B9-89065BAB13F3}.Release|Any CPU.ActiveCfg = Release|Any CPU
		{3F75CDD0-613D-475B-91B9-89065BAB13F3}.Release|Any CPU.Build.0 = Release|Any CPU
	EndGlobalSection
	GlobalSection(SolutionProperties) = preSolution
		HideSolutionNode = FALSE
	EndGlobalSection
	GlobalSection(ExtensibilityGlobals) = postSolution
		SolutionGuid = {1FEAD5F7-B49B-4B90-8E15-AA4636238A9F}
	EndGlobalSection
EndGlobal
